
Microsoft Visual Studio Solution File, Format Version 12.00
# Visual Studio 15
VisualStudioVersion = 15.0.28010.2041
MinimumVisualStudioVersion = 10.0.40219.1
Project("{FAE04EC0-301F-11D3-BF4B-00C04F79EFBC}") = "SuperStringZ", "SuperStringZ\SuperStringZ.csproj", "{6BEE07A1-A1BA-4807-95B5-0A11A9950F91}"
EndProject
Global
	GlobalSection(SolutionConfigurationPlatforms) = preSolution
		Debug|Any CPU = Debug|Any CPU
		Release|Any CPU = Release|Any CPU
	EndGlobalSection
	GlobalSection(ProjectConfigurationPlatforms) = postSolution
		{6BEE07A1-A1BA-4807-95B5-0A11A9950F91}.Debug|Any CPU.ActiveCfg = Debug|Any CPU
		{6BEE07A1-A1BA-4807-95B5-0A11A9950F91}.Debug|Any CPU.Build.0 = Debug|Any CPU
		{6BEE07A1-A1BA-4807-95B5-0A11A9950F91}.Release|Any CPU.ActiveCfg = Release|Any CPU
		{6BEE07A1-A1BA-4807-95B5-0A11A9950F91}.Release|Any CPU.Build.0 = Release|Any CPU
	EndGlobalSection
	GlobalSection(SolutionProperties) = preSolution
		HideSolutionNode = FALSE
	EndGlobalSection
	GlobalSection(ExtensibilityGlobals) = postSolution
		SolutionGuid = {F94B7EAE-0C41-433C-8BC2-8C07F859D71D}
	EndGlobalSection
EndGlobal
